// !$*UTF8*$!
{
	archiveVersion = 1;
	classes = {
	};
	objectVersion = 48;
	objects = {

/* Begin PBXBuildFile section */
		118770F0200B4611009AF6B2 /* AppDelegate.m in Sources */ = {isa = PBXBuildFile; fileRef = 118770EF200B4611009AF6B2 /* AppDelegate.m */; };
		118770F3200B4611009AF6B2 /* ViewController.m in Sources */ = {isa = PBXBuildFile; fileRef = 118770F2200B4611009AF6B2 /* ViewController.m */; };
		118770F6200B4611009AF6B2 /* Main.storyboard in Resources */ = {isa = PBXBuildFile; fileRef = 118770F4200B4611009AF6B2 /* Main.storyboard */; };
		118770F8200B4611009AF6B2 /* Assets.xcassets in Resources */ = {isa = PBXBuildFile; fileRef = 118770F7200B4611009AF6B2 /* Assets.xcassets */; };
		118770FB200B4611009AF6B2 /* LaunchScreen.storyboard in Resources */ = {isa = PBXBuildFile; fileRef = 118770F9200B4611009AF6B2 /* LaunchScreen.storyboard */; };
		118770FE200B4611009AF6B2 /* main.m in Sources */ = {isa = PBXBuildFile; fileRef = 118770FD200B4611009AF6B2 /* main.m */; };
		11877109200B47A2009AF6B2 /* ShowTableViewCell.m in Sources */ = {isa = PBXBuildFile; fileRef = 11877107200B47A2009AF6B2 /* ShowTableViewCell.m */; };
		1187710A200B47A2009AF6B2 /* ShowTableViewCell.xib in Resources */ = {isa = PBXBuildFile; fileRef = 11877108200B47A2009AF6B2 /* ShowTableViewCell.xib */; };
		1187710E200B47C8009AF6B2 /* Person.m in Sources */ = {isa = PBXBuildFile; fileRef = 1187710D200B47C8009AF6B2 /* Person.m */; };
		11877112200B4833009AF6B2 /* PersonViewModel.m in Sources */ = {isa = PBXBuildFile; fileRef = 11877111200B4833009AF6B2 /* PersonViewModel.m */; };
		11877117200B6551009AF6B2 /* iphone8.png in Resources */ = {isa = PBXBuildFile; fileRef = 11877115200B6551009AF6B2 /* iphone8.png */; };
		11877118200B6551009AF6B2 /* iphonex.png in Resources */ = {isa = PBXBuildFile; fileRef = 11877116200B6551009AF6B2 /* iphonex.png */; };
		641A8EDC04FE1ADAFC286FF4 /* libPods-Masonry_IOS11.a in Frameworks */ = {isa = PBXBuildFile; fileRef = 28B0793D8B899B2C033EED9D /* libPods-Masonry_IOS11.a */; };
/* End PBXBuildFile section */

/* Begin PBXFileReference section */
		118770EB200B4611009AF6B2 /* Masonry_IOS11.app */ = {isa = PBXFileReference; explicitFileType = wrapper.application; includeInIndex = 0; path = Masonry_IOS11.app; sourceTree = BUILT_PRODUCTS_DIR; };
		118770EE200B4611009AF6B2 /* AppDelegate.h */ = {isa = PBXFileReference; lastKnownFileType = sourcecode.c.h; path = AppDelegate.h; sourceTree = "<group>"; };
		118770EF200B4611009AF6B2 /* AppDelegate.m */ = {isa = PBXFileReference; lastKnownFileType = sourcecode.c.objc; path = AppDelegate.m; sourceTree = "<group>"; };
		118770F1200B4611009AF6B2 /* ViewController.h */ = {isa = PBXFileReference; lastKnownFileType = sourcecode.c.h; path = ViewController.h; sourceTree = "<group>"; };
		118770F2200B4611009AF6B2 /* ViewController.m */ = {isa = PBXFileReference; lastKnownFileType = sourcecode.c.objc; path = ViewController.m; sourceTree = "<group>"; };
		118770F5200B4611009AF6B2 /* Base */ = {isa = PBXFileReference; lastKnownFileType = file.storyboard; name = Base; path = Base.lproj/Main.storyboard; sourceTree = "<group>"; };
		118770F7200B4611009AF6B2 /* Assets.xcassets */ = {isa = PBXFileReference; lastKnownFileType = folder.assetcatalog; path = Assets.xcassets; sourceTree = "<group>"; };
		118770FA200B4611009AF6B2 /* Base */ = {isa = PBXFileReference; lastKnownFileType = file.storyboard; name = Base; path = Base.lproj/LaunchScreen.storyboard; sourceTree = "<group>"; };
		118770FC200B4611009AF6B2 /* Info.plist */ = {isa = PBXFileReference; lastKnownFileType = text.plist.xml; path = Info.plist; sourceTree = "<group>"; };
		118770FD200B4611009AF6B2 /* main.m */ = {isa = PBXFileReference; lastKnownFileType = sourcecode.c.objc; path = main.m; sourceTree = "<group>"; };
		11877106200B47A2009AF6B2 /* ShowTableViewCell.h */ = {isa = PBXFileReference; lastKnownFileType = sourcecode.c.h; path = ShowTableViewCell.h; sourceTree = "<group>"; };
		11877107200B47A2009AF6B2 /* ShowTableViewCell.m */ = {isa = PBXFileReference; lastKnownFileType = sourcecode.c.objc; path = ShowTableViewCell.m; sourceTree = "<group>"; };
		11877108200B47A2009AF6B2 /* ShowTableViewCell.xib */ = {isa = PBXFileReference; lastKnownFileType = file.xib; path = ShowTableViewCell.xib; sourceTree = "<group>"; };
		1187710C200B47C8009AF6B2 /* Person.h */ = {isa = PBXFileReference; lastKnownFileType = sourcecode.c.h; path = Person.h; sourceTree = "<group>"; };
		1187710D200B47C8009AF6B2 /* Person.m */ = {isa = PBXFileReference; lastKnownFileType = sourcecode.c.objc; path = Person.m; sourceTree = "<group>"; };
		11877110200B4833009AF6B2 /* PersonViewModel.h */ = {isa = PBXFileReference; lastKnownFileType = sourcecode.c.h; path = PersonViewModel.h; sourceTree = "<group>"; };
		11877111200B4833009AF6B2 /* PersonViewModel.m */ = {isa = PBXFileReference; lastKnownFileType = sourcecode.c.objc; path = PersonViewModel.m; sourceTree = "<group>"; };
		11877115200B6551009AF6B2 /* iphone8.png */ = {isa = PBXFileReference; lastKnownFileType = image.png; path = iphone8.png; sourceTree = "<group>"; };
		11877116200B6551009AF6B2 /* iphonex.png */ = {isa = PBXFileReference; lastKnownFileType = image.png; path = iphonex.png; sourceTree = "<group>"; };
		28B0793D8B899B2C033EED9D /* libPods-Masonry_IOS11.a */ = {isa = PBXFileReference; explicitFileType = archive.ar; includeInIndex = 0; path = "libPods-Masonry_IOS11.a"; sourceTree = BUILT_PRODUCTS_DIR; };
		34DD228FC7958878BFDED855 /* Pods-Masonry_IOS11.debug.xcconfig */ = {isa = PBXFileReference; includeInIndex = 1; lastKnownFileType = text.xcconfig; name = "Pods-Masonry_IOS11.debug.xcconfig"; path = "Pods/Target Support Files/Pods-Masonry_IOS11/Pods-Masonry_IOS11.debug.xcconfig"; sourceTree = "<group>"; };
		D17FED87E080BF934966B68C /* Pods-Masonry_IOS11.release.xcconfig */ = {isa = PBXFileReference; includeInIndex = 1; lastKnownFileType = text.xcconfig; name = "Pods-Masonry_IOS11.release.xcconfig"; path = "Pods/Target Support Files/Pods-Masonry_IOS11/Pods-Masonry_IOS11.release.xcconfig"; sourceTree = "<group>"; };
/* End PBXFileReference section */

/* Begin PBXFrameworksBuildPhase section */
		118770E8200B4611009AF6B2 /* Frameworks */ = {
			isa = PBXFrameworksBuildPhase;
			buildActionMask = 2147483647;
			files = (
				641A8EDC04FE1ADAFC286FF4 /* libPods-Masonry_IOS11.a in Frameworks */,
			);
			runOnlyForDeploymentPostprocessing = 0;
		};
/* End PBXFrameworksBuildPhase section */

/* Begin PBXGroup section */
		0972AF944D00C3FE0A5E79C4 /* Pods */ = {
			isa = PBXGroup;
			children = (
				34DD228FC7958878BFDED855 /* Pods-Masonry_IOS11.debug.xcconfig */,
				D17FED87E080BF934966B68C /* Pods-Masonry_IOS11.release.xcconfig */,
			);
			name = Pods;
			sourceTree = "<group>";
		};
		118770E2200B4611009AF6B2 = {
			isa = PBXGroup;
			children = (
				118770ED200B4611009AF6B2 /* Masonry_IOS11 */,
				118770EC200B4611009AF6B2 /* Products */,
				0972AF944D00C3FE0A5E79C4 /* Pods */,
				F0458D7DD5FE3D53352FCA66 /* Frameworks */,
			);
			sourceTree = "<group>";
		};
		118770EC200B4611009AF6B2 /* Products */ = {
			isa = PBXGroup;
			children = (
				118770EB200B4611009AF6B2 /* Masonry_IOS11.app */,
			);
			name = Products;
			sourceTree = "<group>";
		};
		118770ED200B4611009AF6B2 /* Masonry_IOS11 */ = {
			isa = PBXGroup;
			children = (
				11877114200B6535009AF6B2 /* 截图 */,
				118770EE200B4611009AF6B2 /* AppDelegate.h */,
				118770EF200B4611009AF6B2 /* AppDelegate.m */,
				1187710F200B480E009AF6B2 /* viewmodel */,
				1187710B200B47A9009AF6B2 /* model */,
				11877105200B4784009AF6B2 /* view */,
				11877104200B476F009AF6B2 /* vc */,
				118770F4200B4611009AF6B2 /* Main.storyboard */,
				118770F7200B4611009AF6B2 /* Assets.xcassets */,
				118770F9200B4611009AF6B2 /* LaunchScreen.storyboard */,
				118770FC200B4611009AF6B2 /* Info.plist */,
				118770FD200B4611009AF6B2 /* main.m */,
			);
			path = Masonry_IOS11;
			sourceTree = "<group>";
		};
		11877104200B476F009AF6B2 /* vc */ = {
			isa = PBXGroup;
			children = (
				118770F1200B4611009AF6B2 /* ViewController.h */,
				118770F2200B4611009AF6B2 /* ViewController.m */,
			);
			path = vc;
			sourceTree = "<group>";
		};
		11877105200B4784009AF6B2 /* view */ = {
			isa = PBXGroup;
			children = (
				11877106200B47A2009AF6B2 /* ShowTableViewCell.h */,
				11877107200B47A2009AF6B2 /* ShowTableViewCell.m */,
				11877108200B47A2009AF6B2 /* ShowTableViewCell.xib */,
			);
			path = view;
			sourceTree = "<group>";
		};
		1187710B200B47A9009AF6B2 /* model */ = {
			isa = PBXGroup;
			children = (
				1187710C200B47C8009AF6B2 /* Person.h */,
				1187710D200B47C8009AF6B2 /* Person.m */,
			);
			path = model;
			sourceTree = "<group>";
		};
		1187710F200B480E009AF6B2 /* viewmodel */ = {
			isa = PBXGroup;
			children = (
				11877110200B4833009AF6B2 /* PersonViewModel.h */,
				11877111200B4833009AF6B2 /* PersonViewModel.m */,
			);
			path = viewmodel;
			sourceTree = "<group>";
		};
		11877114200B6535009AF6B2 /* 截图 */ = {
			isa = PBXGroup;
			children = (
				11877115200B6551009AF6B2 /* iphone8.png */,
				11877116200B6551009AF6B2 /* iphonex.png */,
			);
			path = "截图";
			sourceTree = "<group>";
		};
		F0458D7DD5FE3D53352FCA66 /* Frameworks */ = {
			isa = PBXGroup;
			children = (
				28B0793D8B899B2C033EED9D /* libPods-Masonry_IOS11.a */,
			);
			name = Frameworks;
			sourceTree = "<group>";
		};
/* End PBXGroup section */

/* Begin PBXNativeTarget section */
		118770EA200B4611009AF6B2 /* Masonry_IOS11 */ = {
			isa = PBXNativeTarget;
			buildConfigurationList = 11877101200B4611009AF6B2 /* Build configuration list for PBXNativeTarget "Masonry_IOS11" */;
			buildPhases = (
				0AFA7E737D8D858B29E62EF5 /* [CP] Check Pods Manifest.lock */,
				118770E7200B4611009AF6B2 /* Sources */,
				118770E8200B4611009AF6B2 /* Frameworks */,
				118770E9200B4611009AF6B2 /* Resources */,
				749C454FEEC9CE64C779292E /* [CP] Embed Pods Frameworks */,
				402B6C69A2D09B86E5C7CCD8 /* [CP] Copy Pods Resources */,
			);
			buildRules = (
			);
			dependencies = (
			);
			name = Masonry_IOS11;
			productName = Masonry_IOS11;
			productReference = 118770EB200B4611009AF6B2 /* Masonry_IOS11.app */;
			productType = "com.apple.product-type.application";
		};
/* End PBXNativeTarget section */

/* Begin PBXProject section */
		118770E3200B4611009AF6B2 /* Project object */ = {
			isa = PBXProject;
			attributes = {
				LastUpgradeCheck = 0920;
				ORGANIZATIONNAME = huangping;
				TargetAttributes = {
					118770EA200B4611009AF6B2 = {
						CreatedOnToolsVersion = 9.2;
						ProvisioningStyle = Automatic;
					};
				};
			};
			buildConfigurationList = 118770E6200B4611009AF6B2 /* Build configuration list for PBXProject "Masonry_IOS11" */;
			compatibilityVersion = "Xcode 8.0";
			developmentRegion = en;
			hasScannedForEncodings = 0;
			knownRegions = (
				en,
				Base,
			);
			mainGroup = 118770E2200B4611009AF6B2;
			productRefGroup = 118770EC200B4611009AF6B2 /* Products */;
			projectDirPath = "";
			projectRoot = "";
			targets = (
				118770EA200B4611009AF6B2 /* Masonry_IOS11 */,
			);
		};
/* End PBXProject section */

/* Begin PBXResourcesBuildPhase section */
		118770E9200B4611009AF6B2 /* Resources */ = {
			isa = PBXResourcesBuildPhase;
			buildActionMask = 2147483647;
			files = (
				11877117200B6551009AF6B2 /* iphone8.png in Resources */,
				11877118200B6551009AF6B2 /* iphonex.png in Resources */,
				118770FB200B4611009AF6B2 /* LaunchScreen.storyboard in Resources */,
				118770F8200B4611009AF6B2 /* Assets.xcassets in Resources */,
				1187710A200B47A2009AF6B2 /* ShowTableViewCell.xib in Resources */,
				118770F6200B4611009AF6B2 /* Main.storyboard in Resources */,
			);
			runOnlyForDeploymentPostprocessing = 0;
		};
/* End PBXResourcesBuildPhase section */

/* Begin PBXShellScriptBuildPhase section */
		0AFA7E737D8D858B29E62EF5 /* [CP] Check Pods Manifest.lock */ = {
			isa = PBXShellScriptBuildPhase;
			buildActionMask = 2147483647;
			files = (
			);
			inputPaths = (
				"${PODS_PODFILE_DIR_PATH}/Podfile.lock",
				"${PODS_ROOT}/Manifest.lock",
			);
			name = "[CP] Check Pods Manifest.lock";
			outputPaths = (
				"$(DERIVED_FILE_DIR)/Pods-Masonry_IOS11-checkManifestLockResult.txt",
			);
			runOnlyForDeploymentPostprocessing = 0;
			shellPath = /bin/sh;
			shellScript = "diff \"${PODS_PODFILE_DIR_PATH}/Podfile.lock\" \"${PODS_ROOT}/Manifest.lock\" > /dev/null\nif [ $? != 0 ] ; then\n    # print error to STDERR\n    echo \"error: The sandbox is not in sync with the Podfile.lock. Run 'pod install' or update your CocoaPods installation.\" >&2\n    exit 1\nfi\n# This output is used by Xcode 'outputs' to avoid re-running this script phase.\necho \"SUCCESS\" > \"${SCRIPT_OUTPUT_FILE_0}\"\n";
			showEnvVarsInLog = 0;
		};
		402B6C69A2D09B86E5C7CCD8 /* [CP] Copy Pods Resources */ = {
			isa = PBXShellScriptBuildPhase;
			buildActionMask = 2147483647;
			files = (
			);
			inputPaths = (
				"${SRCROOT}/Pods/Target Support Files/Pods-Masonry_IOS11/Pods-Masonry_IOS11-resources.sh",
				"${PODS_ROOT}/MJRefresh/MJRefresh/MJRefresh.bundle",
			);
			name = "[CP] Copy Pods Resources";
			outputPaths = (
				"${TARGET_BUILD_DIR}/${UNLOCALIZED_RESOURCES_FOLDER_PATH}",
			);
			runOnlyForDeploymentPostprocessing = 0;
			shellPath = /bin/sh;
			shellScript = "\"${SRCROOT}/Pods/Target Support Files/Pods-Masonry_IOS11/Pods-Masonry_IOS11-resources.sh\"\n";
			showEnvVarsInLog = 0;
		};
		749C454FEEC9CE64C779292E /* [CP] Embed Pods Frameworks */ = {
			isa = PBXShellScriptBuildPhase;
			buildActionMask = 2147483647;
			files = (
			);
			inputPaths = (
			);
			name = "[CP] Embed Pods Frameworks";
			outputPaths = (
			);
			runOnlyForDeploymentPostprocessing = 0;
			shellPath = /bin/sh;
			shellScript = "\"${SRCROOT}/Pods/Target Support Files/Pods-Masonry_IOS11/Pods-Masonry_IOS11-frameworks.sh\"\n";
			showEnvVarsInLog = 0;
		};
/* End PBXShellScriptBuildPhase section */

/* Begin PBXSourcesBuildPhase section */
		118770E7200B4611009AF6B2 /* Sources */ = {
			isa = PBXSourcesBuildPhase;
			buildActionMask = 2147483647;
			files = (
				118770F3200B4611009AF6B2 /* ViewController.m in Sources */,
				11877112200B4833009AF6B2 /* PersonViewModel.m in Sources */,
				118770FE200B4611009AF6B2 /* main.m in Sources */,
				1187710E200B47C8009AF6B2 /* Person.m in Sources */,
				11877109200B47A2009AF6B2 /* ShowTableViewCell.m in Sources */,
				118770F0200B4611009AF6B2 /* AppDelegate.m in Sources */,
			);
			runOnlyForDeploymentPostprocessing = 0;
		};
/* End PBXSourcesBuildPhase section */

/* Begin PBXVariantGroup section */
		118770F4200B4611009AF6B2 /* Main.storyboard */ = {
			isa = PBXVariantGroup;
			children = (
				118770F5200B4611009AF6B2 /* Base */,
			);
			name = Main.storyboard;
			sourceTree = "<group>";
		};
		118770F9200B4611009AF6B2 /* LaunchScreen.storyboard */ = {
			isa = PBXVariantGroup;
			children = (
				118770FA200B4611009AF6B2 /* Base */,
			);
			name = LaunchScreen.storyboard;
			sourceTree = "<group>";
		};
/* End PBXVariantGroup section */

/* Begin XCBuildConfiguration section */
		118770FF200B4611009AF6B2 /* Debug */ = {
			isa = XCBuildConfiguration;
			buildSettings = {
				ALWAYS_SEARCH_USER_PATHS = NO;
				CLANG_ANALYZER_NONNULL = YES;
				CLANG_ANALYZER_NUMBER_OBJECT_CONVERSION = YES_AGGRESSIVE;
				CLANG_CXX_LANGUAGE_STANDARD = "gnu++14";
				CLANG_CXX_LIBRARY = "libc++";
				CLANG_ENABLE_MODULES = YES;
				CLANG_ENABLE_OBJC_ARC = YES;
				CLANG_WARN_BLOCK_CAPTURE_AUTORELEASING = YES;
				CLANG_WARN_BOOL_CONVERSION = YES;
				CLANG_WARN_COMMA = YES;
				CLANG_WARN_CONSTANT_CONVERSION = YES;
				CLANG_WARN_DIRECT_OBJC_ISA_USAGE = YES_ERROR;
				CLANG_WARN_DOCUMENTATION_COMMENTS = YES;
				CLANG_WARN_EMPTY_BODY = YES;
				CLANG_WARN_ENUM_CONVERSION = YES;
				CLANG_WARN_INFINITE_RECURSION = YES;
				CLANG_WARN_INT_CONVERSION = YES;
				CLANG_WARN_NON_LITERAL_NULL_CONVERSION = YES;
				CLANG_WARN_OBJC_LITERAL_CONVERSION = YES;
				CLANG_WARN_OBJC_ROOT_CLASS = YES_ERROR;
				CLANG_WARN_RANGE_LOOP_ANALYSIS = YES;
				CLANG_WARN_STRICT_PROTOTYPES = YES;
				CLANG_WARN_SUSPICIOUS_MOVE = YES;
				CLANG_WARN_UNGUARDED_AVAILABILITY = YES_AGGRESSIVE;
				CLANG_WARN_UNREACHABLE_CODE = YES;
				CLANG_WARN__DUPLICATE_METHOD_MATCH = YES;
				CODE_SIGN_IDENTITY = "iPhone Developer";
				COPY_PHASE_STRIP = NO;
				DEBUG_INFORMATION_FORMAT = dwarf;
				ENABLE_STRICT_OBJC_MSGSEND = YES;
				ENABLE_TESTABILITY = YES;
				GCC_C_LANGUAGE_STANDARD = gnu11;
				GCC_DYNAMIC_NO_PIC = NO;
				GCC_NO_COMMON_BLOCKS = YES;
				GCC_OPTIMIZATION_LEVEL = 0;
				GCC_PREPROCESSOR_DEFINITIONS = (
					"DEBUG=1",
					"$(inherited)",
				);
				GCC_WARN_64_TO_32_BIT_CONVERSION = YES;
				GCC_WARN_ABOUT_RETURN_TYPE = YES_ERROR;
				GCC_WARN_UNDECLARED_SELECTOR = YES;
				GCC_WARN_UNINITIALIZED_AUTOS = YES_AGGRESSIVE;
				GCC_WARN_UNUSED_FUNCTION = YES;
				GCC_WARN_UNUSED_VARIABLE = YES;
				IPHONEOS_DEPLOYMENT_TARGET = 8.0;
				MTL_ENABLE_DEBUG_INFO = YES;
				ONLY_ACTIVE_ARCH = YES;
				SDKROOT = iphoneos;
			};
			name = Debug;
		};
		11877100200B4611009AF6B2 /* Release */ = {
			isa = XCBuildConfiguration;
			buildSettings = {
				ALWAYS_SEARCH_USER_PATHS = NO;
				CLANG_ANALYZER_NONNULL = YES;
				CLANG_ANALYZER_NUMBER_OBJECT_CONVERSION = YES_AGGRESSIVE;
				CLANG_CXX_LANGUAGE_STANDARD = "gnu++14";
				CLANG_CXX_LIBRARY = "libc++";
				CLANG_ENABLE_MODULES = YES;
				CLANG_ENABLE_OBJC_ARC = YES;
				CLANG_WARN_BLOCK_CAPTURE_AUTORELEASING = YES;
				CLANG_WARN_BOOL_CONVERSION = YES;
				CLANG_WARN_COMMA = YES;
				CLANG_WARN_CONSTANT_CONVERSION = YES;
				CLANG_WARN_DIRECT_OBJC_ISA_USAGE = YES_ERROR;
				CLANG_WARN_DOCUMENTATION_COMMENTS = YES;
				CLANG_WARN_EMPTY_BODY = YES;
				CLANG_WARN_ENUM_CONVERSION = YES;
				CLANG_WARN_INFINITE_RECURSION = YES;
				CLANG_WARN_INT_CONVERSION = YES;
				CLANG_WARN_NON_LITERAL_NULL_CONVERSION = YES;
				CLANG_WARN_OBJC_LITERAL_CONVERSION = YES;
				CLANG_WARN_OBJC_ROOT_CLASS = YES_ERROR;
				CLANG_WARN_RANGE_LOOP_ANALYSIS = YES;
				CLANG_WARN_STRICT_PROTOTYPES = YES;
				CLANG_WARN_SUSPICIOUS_MOVE = YES;
				CLANG_WARN_UNGUARDED_AVAILABILITY = YES_AGGRESSIVE;
				CLANG_WARN_UNREACHABLE_CODE = YES;
				CLANG_WARN__DUPLICATE_METHOD_MATCH = YES;
				CODE_SIGN_IDENTITY = "iPhone Developer";
				COPY_PHASE_STRIP = NO;
				DEBUG_INFORMATION_FORMAT = "dwarf-with-dsym";
				ENABLE_NS_ASSERTIONS = NO;
				ENABLE_STRICT_OBJC_MSGSEND = YES;
				GCC_C_LANGUAGE_STANDARD = gnu11;
				GCC_NO_COMMON_BLOCKS = YES;
				GCC_WARN_64_TO_32_BIT_CONVERSION = YES;
				GCC_WARN_ABOUT_RETURN_TYPE = YES_ERROR;
				GCC_WARN_UNDECLARED_SELECTOR = YES;
				GCC_WARN_UNINITIALIZED_AUTOS = YES_AGGRESSIVE;
				GCC_WARN_UNUSED_FUNCTION = YES;
				GCC_WARN_UNUSED_VARIABLE = YES;
				IPHONEOS_DEPLOYMENT_TARGET = 8.0;
				MTL_ENABLE_DEBUG_INFO = NO;
				SDKROOT = iphoneos;
				VALIDATE_PRODUCT = YES;
			};
			name = Release;
		};
		11877102200B4611009AF6B2 /* Debug */ = {
			isa = XCBuildConfiguration;
			baseConfigurationReference = 34DD228FC7958878BFDED855 /* Pods-Masonry_IOS11.debug.xcconfig */;
			buildSettings = {
				ASSETCATALOG_COMPILER_APPICON_NAME = AppIcon;
				CODE_SIGN_STYLE = Automatic;
				DEVELOPMENT_TEAM = ECB9JMTA8K;
				INFOPLIST_FILE = Masonry_IOS11/Info.plist;
				IPHONEOS_DEPLOYMENT_TARGET = 8.0;
				LD_RUNPATH_SEARCH_PATHS = "$(inherited) @executable_path/Frameworks";
				PRODUCT_BUNDLE_IDENTIFIER = "com.huangping.Masonry-IOS11";
				PRODUCT_NAME = "$(TARGET_NAME)";
				TARGETED_DEVICE_FAMILY = 1;
			};
			name = Debug;
		};
		11877103200B4611009AF6B2 /* Release */ = {
			isa = XCBuildConfiguration;
			baseConfigurationReference = D17FED87E080BF934966B68C /* Pods-Masonry_IOS11.release.xcconfig */;
			buildSettings = {
				ASSETCATALOG_COMPILER_APPICON_NAME = AppIcon;
				CODE_SIGN_STYLE = Automatic;
				DEVELOPMENT_TEAM = ECB9JMTA8K;
				INFOPLIST_FILE = Masonry_IOS11/Info.plist;
				IPHONEOS_DEPLOYMENT_TARGET = 8.0;
				LD_RUNPATH_SEARCH_PATHS = "$(inherited) @executable_path/Frameworks";
				PRODUCT_BUNDLE_IDENTIFIER = "com.huangping.Masonry-IOS11";
				PRODUCT_NAME = "$(TARGET_NAME)";
				TARGETED_DEVICE_FAMILY = 1;
			};
			name = Release;
		};
/* End XCBuildConfiguration section */

/* Begin XCConfigurationList section */
		118770E6200B4611009AF6B2 /* Build configuration list for PBXProject "Masonry_IOS11" */ = {
			isa = XCConfigurationList;
			buildConfigurations = (
				118770FF200B4611009AF6B2 /* Debug */,
				11877100200B4611009AF6B2 /* Release */,
			);
			defaultConfigurationIsVisible = 0;
			defaultConfigurationName = Release;
		};
		11877101200B4611009AF6B2 /* Build configuration list for PBXNativeTarget "Masonry_IOS11" */ = {
			isa = XCConfigurationList;
			buildConfigurations = (
				11877102200B4611009AF6B2 /* Debug */,
				11877103200B4611009AF6B2 /* Release */,
			);
			defaultConfigurationIsVisible = 0;
			defaultConfigurationName = Release;
		};
/* End XCConfigurationList section */
	};
	rootObject = 118770E3200B4611009AF6B2 /* Project object */;
}
